
Microsoft Visual Studio Solution File, Format Version 12.00
# Visual Studio Version 16
VisualStudioVersion = 16.0.31025.194
MinimumVisualStudioVersion = 10.0.40219.1
Project("{9A19103F-16F7-4668-BE54-9A1E7A4F7556}") = "JobPortalBlazor.Server", "JobPortalBlazor\Server\JobPortalBlazor.Server.csproj", "{77C0C962-3BE9-48EC-886E-53E261A20CF9}"
EndProject
Project("{9A19103F-16F7-4668-BE54-9A1E7A4F7556}") = "JobPortalBlazor.Client", "JobPortalBlazor\Client\JobPortalBlazor.Client.csproj", "{103502A3-F00D-4406-AA30-23EA214C6ADC}"
EndProject
Project("{9A19103F-16F7-4668-BE54-9A1E7A4F7556}") = "JobPortalBlazor.Shared", "JobPortalBlazor\Shared\JobPortalBlazor.Shared.csproj", "{330D1481-3450-415E-B186-A06B188B02D2}"
EndProject
Global
	GlobalSection(SolutionConfigurationPlatforms) = preSolution
		Debug|Any CPU = Debug|Any CPU
		Release|Any CPU = Release|Any CPU
	EndGlobalSection
	GlobalSection(ProjectConfigurationPlatforms) = postSolution
		{77C0C962-3BE9-48EC-886E-53E261A20CF9}.Debug|Any CPU.ActiveCfg = Debug|Any CPU
		{77C0C962-3BE9-48EC-886E-53E261A20CF9}.Debug|Any CPU.Build.0 = Debug|Any CPU
		{77C0C962-3BE9-48EC-886E-53E261A20CF9}.Release|Any CPU.ActiveCfg = Release|Any CPU
		{77C0C962-3BE9-48EC-886E-53E261A20CF9}.Release|Any CPU.Build.0 = Release|Any CPU
		{103502A3-F00D-4406-AA30-23EA214C6ADC}.Debug|Any CPU.ActiveCfg = Debug|Any CPU
		{103502A3-F00D-4406-AA30-23EA214C6ADC}.Debug|Any CPU.Build.0 = Debug|Any CPU
		{103502A3-F00D-4406-AA30-23EA214C6ADC}.Release|Any CPU.ActiveCfg = Release|Any CPU
		{103502A3-F00D-4406-AA30-23EA214C6ADC}.Release|Any CPU.Build.0 = Release|Any CPU
		{330D1481-3450-415E-B186-A06B188B02D2}.Debug|Any CPU.ActiveCfg = Debug|Any CPU
		{330D1481-3450-415E-B186-A06B188B02D2}.Debug|Any CPU.Build.0 = Debug|Any CPU
		{330D1481-3450-415E-B186-A06B188B02D2}.Release|Any CPU.ActiveCfg = Release|Any CPU
		{330D1481-3450-415E-B186-A06B188B02D2}.Release|Any CPU.Build.0 = Release|Any CPU
	EndGlobalSection
	GlobalSection(SolutionProperties) = preSolution
		HideSolutionNode = FALSE
	EndGlobalSection
	GlobalSection(ExtensibilityGlobals) = postSolution
		SolutionGuid = {E1CEA7A7-C8C7-43FD-9691-4A7E398C913D}
	EndGlobalSection
EndGlobal
